
Microsoft Visual Studio Solution File, Format Version 12.00
# Visual Studio Version 17
VisualStudioVersion = 17.14.36301.6 d17.14
MinimumVisualStudioVersion = 10.0.40219.1
Project("{FAE04EC0-301F-11D3-BF4B-00C04F79EFBC}") = "FiberVault.Api", "FiberVault.Api\FiberVault.Api.csproj", "{5D552B2D-DBF0-48E1-ABE7-03D30A0A4DCF}"
EndProject
Project("{FAE04EC0-301F-11D3-BF4B-00C04F79EFBC}") = "FiberVault.Domain", "FiberVault.Domain\FiberVault.Domain.csproj", "{CCAE5458-3E93-486A-895E-C423FFC002A4}"
EndProject
Project("{FAE04EC0-301F-11D3-BF4B-00C04F79EFBC}") = "FiberVault.Application", "FiberVault.Application\FiberVault.Application.csproj", "{471A3401-3A31-4F91-A9C8-3EF28D212A41}"
EndProject
Project("{FAE04EC0-301F-11D3-BF4B-00C04F79EFBC}") = "FiberVault.Infrastructure", "FiberVault.Infrastructure\FiberVault.Infrastructure.csproj", "{86994779-D642-4109-B95F-92DC4C3EB4ED}"
EndProject
Global
	GlobalSection(SolutionConfigurationPlatforms) = preSolution
		Debug|Any CPU = Debug|Any CPU
		Release|Any CPU = Release|Any CPU
	EndGlobalSection
	GlobalSection(ProjectConfigurationPlatforms) = postSolution
		{5D552B2D-DBF0-48E1-ABE7-03D30A0A4DCF}.Debug|Any CPU.ActiveCfg = Debug|Any CPU
		{5D552B2D-DBF0-48E1-ABE7-03D30A0A4DCF}.Debug|Any CPU.Build.0 = Debug|Any CPU
		{5D552B2D-DBF0-48E1-ABE7-03D30A0A4DCF}.Release|Any CPU.ActiveCfg = Release|Any CPU
		{5D552B2D-DBF0-48E1-ABE7-03D30A0A4DCF}.Release|Any CPU.Build.0 = Release|Any CPU
		{CCAE5458-3E93-486A-895E-C423FFC002A4}.Debug|Any CPU.ActiveCfg = Debug|Any CPU
		{CCAE5458-3E93-486A-895E-C423FFC002A4}.Debug|Any CPU.Build.0 = Debug|Any CPU
		{CCAE5458-3E93-486A-895E-C423FFC002A4}.Release|Any CPU.ActiveCfg = Release|Any CPU
		{CCAE5458-3E93-486A-895E-C423FFC002A4}.Release|Any CPU.Build.0 = Release|Any CPU
		{471A3401-3A31-4F91-A9C8-3EF28D212A41}.Debug|Any CPU.ActiveCfg = Debug|Any CPU
		{471A3401-3A31-4F91-A9C8-3EF28D212A41}.Debug|Any CPU.Build.0 = Debug|Any CPU
		{471A3401-3A31-4F91-A9C8-3EF28D212A41}.Release|Any CPU.ActiveCfg = Release|Any CPU
		{471A3401-3A31-4F91-A9C8-3EF28D212A41}.Release|Any CPU.Build.0 = Release|Any CPU
		{86994779-D642-4109-B95F-92DC4C3EB4ED}.Debug|Any CPU.ActiveCfg = Debug|Any CPU
		{86994779-D642-4109-B95F-92DC4C3EB4ED}.Debug|Any CPU.Build.0 = Debug|Any CPU
		{86994779-D642-4109-B95F-92DC4C3EB4ED}.Release|Any CPU.ActiveCfg = Release|Any CPU
		{86994779-D642-4109-B95F-92DC4C3EB4ED}.Release|Any CPU.Build.0 = Release|Any CPU
	EndGlobalSection
	GlobalSection(SolutionProperties) = preSolution
		HideSolutionNode = FALSE
	EndGlobalSection
	GlobalSection(ExtensibilityGlobals) = postSolution
		SolutionGuid = {8808CF40-31C1-416B-B3EC-0622949E42E1}
	EndGlobalSection
EndGlobal
